
Microsoft Visual Studio Solution File, Format Version 12.00
# Visual Studio Version 16
VisualStudioVersion = 16.0.32413.511
MinimumVisualStudioVersion = 10.0.40219.1
Project("{FAE04EC0-301F-11D3-BF4B-00C04F79EFBC}") = "eTickets", "eTickets\eTickets.csproj", "{D3B42595-CF59-4A25-8910-4575724961D0}"
EndProject
Global
	GlobalSection(SolutionConfigurationPlatforms) = preSolution
		Debug|Any CPU = Debug|Any CPU
		Release|Any CPU = Release|Any CPU
	EndGlobalSection
	GlobalSection(ProjectConfigurationPlatforms) = postSolution
		{D3B42595-CF59-4A25-8910-4575724961D0}.Debug|Any CPU.ActiveCfg = Debug|Any CPU
		{D3B42595-CF59-4A25-8910-4575724961D0}.Debug|Any CPU.Build.0 = Debug|Any CPU
		{D3B42595-CF59-4A25-8910-4575724961D0}.Release|Any CPU.ActiveCfg = Release|Any CPU
		{D3B42595-CF59-4A25-8910-4575724961D0}.Release|Any CPU.Build.0 = Release|Any CPU
	EndGlobalSection
	GlobalSection(SolutionProperties) = preSolution
		HideSolutionNode = FALSE
	EndGlobalSection
	GlobalSection(ExtensibilityGlobals) = postSolution
		SolutionGuid = {A64F909B-945E-4C08-AD37-C81F3DC43EE8}
	EndGlobalSection
EndGlobal
